
Microsoft Visual Studio Solution File, Format Version 12.00
# Visual Studio Version 16
VisualStudioVersion = 16.0.31729.503
MinimumVisualStudioVersion = 10.0.40219.1
Project("{9A19103F-16F7-4668-BE54-9A1E7A4F7556}") = "Hello-world", "Prework-C-sharp\Hello-world.csproj", "{DC668844-366F-404A-8112-AA856FAF9E82}"
EndProject
Project("{9A19103F-16F7-4668-BE54-9A1E7A4F7556}") = "Numbers-In-CSharp", "Numbers-In-CSharp\Numbers-In-CSharp.csproj", "{A8452464-2C9D-4DBA-8021-C0217C539492}"
EndProject
Project("{9A19103F-16F7-4668-BE54-9A1E7A4F7556}") = "Branches-and-loops", "Branches-and-loops\Branches-and-loops.csproj", "{5978EAF9-642A-423D-9C1A-1782088B056F}"
EndProject
Project("{FAE04EC0-301F-11D3-BF4B-00C04F79EFBC}") = "List-colection", "List-colection\List-colection.csproj", "{05C59E9E-44A2-4C3C-BC46-8174E4267BF3}"
EndProject
Global
	GlobalSection(SolutionConfigurationPlatforms) = preSolution
		Debug|Any CPU = Debug|Any CPU
		Release|Any CPU = Release|Any CPU
	EndGlobalSection
	GlobalSection(ProjectConfigurationPlatforms) = postSolution
		{DC668844-366F-404A-8112-AA856FAF9E82}.Debug|Any CPU.ActiveCfg = Debug|Any CPU
		{DC668844-366F-404A-8112-AA856FAF9E82}.Debug|Any CPU.Build.0 = Debug|Any CPU
		{DC668844-366F-404A-8112-AA856FAF9E82}.Release|Any CPU.ActiveCfg = Release|Any CPU
		{DC668844-366F-404A-8112-AA856FAF9E82}.Release|Any CPU.Build.0 = Release|Any CPU
		{A8452464-2C9D-4DBA-8021-C0217C539492}.Debug|Any CPU.ActiveCfg = Debug|Any CPU
		{A8452464-2C9D-4DBA-8021-C0217C539492}.Debug|Any CPU.Build.0 = Debug|Any CPU
		{A8452464-2C9D-4DBA-8021-C0217C539492}.Release|Any CPU.ActiveCfg = Release|Any CPU
		{A8452464-2C9D-4DBA-8021-C0217C539492}.Release|Any CPU.Build.0 = Release|Any CPU
		{5978EAF9-642A-423D-9C1A-1782088B056F}.Debug|Any CPU.ActiveCfg = Debug|Any CPU
		{5978EAF9-642A-423D-9C1A-1782088B056F}.Debug|Any CPU.Build.0 = Debug|Any CPU
		{5978EAF9-642A-423D-9C1A-1782088B056F}.Release|Any CPU.ActiveCfg = Release|Any CPU
		{5978EAF9-642A-423D-9C1A-1782088B056F}.Release|Any CPU.Build.0 = Release|Any CPU
		{05C59E9E-44A2-4C3C-BC46-8174E4267BF3}.Debug|Any CPU.ActiveCfg = Debug|Any CPU
		{05C59E9E-44A2-4C3C-BC46-8174E4267BF3}.Debug|Any CPU.Build.0 = Debug|Any CPU
		{05C59E9E-44A2-4C3C-BC46-8174E4267BF3}.Release|Any CPU.ActiveCfg = Release|Any CPU
		{05C59E9E-44A2-4C3C-BC46-8174E4267BF3}.Release|Any CPU.Build.0 = Release|Any CPU
	EndGlobalSection
	GlobalSection(SolutionProperties) = preSolution
		HideSolutionNode = FALSE
	EndGlobalSection
	GlobalSection(ExtensibilityGlobals) = postSolution
		SolutionGuid = {48FA5410-9BDF-436E-996B-441A9543BC61}
	EndGlobalSection
EndGlobal
